// !$*UTF8*$!
{
	archiveVersion = 1;
	classes = {
	};
	objectVersion = 50;
	objects = {

/* Begin PBXBuildFile section */
		2C7712DD20CF6FBD00197B9D /* AppDelegate.swift in Sources */ = {isa = PBXBuildFile; fileRef = 2C7712DC20CF6FBD00197B9D /* AppDelegate.swift */; };
		2C7712E220CF6FBD00197B9D /* Main.storyboard in Resources */ = {isa = PBXBuildFile; fileRef = 2C7712E020CF6FBD00197B9D /* Main.storyboard */; };
		2C7712E420CF6FBF00197B9D /* Assets.xcassets in Resources */ = {isa = PBXBuildFile; fileRef = 2C7712E320CF6FBF00197B9D /* Assets.xcassets */; };
		2C7712E720CF6FBF00197B9D /* LaunchScreen.storyboard in Resources */ = {isa = PBXBuildFile; fileRef = 2C7712E520CF6FBF00197B9D /* LaunchScreen.storyboard */; };
		2C7712F220CF6FBF00197B9D /* Swift_DYZBTests.swift in Sources */ = {isa = PBXBuildFile; fileRef = 2C7712F120CF6FBF00197B9D /* Swift_DYZBTests.swift */; };
		2C7712FD20CF6FBF00197B9D /* Swift_DYZBUITests.swift in Sources */ = {isa = PBXBuildFile; fileRef = 2C7712FC20CF6FBF00197B9D /* Swift_DYZBUITests.swift */; };
		2C77132720CFAB1200197B9D /* Home.storyboard in Resources */ = {isa = PBXBuildFile; fileRef = 2C77132520CFAB1200197B9D /* Home.storyboard */; };
		2CB00FAD20D1FC6A00586A9C /* PageContentView.swift in Sources */ = {isa = PBXBuildFile; fileRef = 2CB00FAC20D1FC6A00586A9C /* PageContentView.swift */; };
		2CD4A29520D0A764009BB2A3 /* Live.storyboard in Resources */ = {isa = PBXBuildFile; fileRef = 2CD4A29420D0A764009BB2A3 /* Live.storyboard */; };
		2CD4A29720D0AB5D009BB2A3 /* Follow.storyboard in Resources */ = {isa = PBXBuildFile; fileRef = 2CD4A29620D0AB5D009BB2A3 /* Follow.storyboard */; };
		2CD4A29920D0ABB6009BB2A3 /* Profile.storyboard in Resources */ = {isa = PBXBuildFile; fileRef = 2CD4A29820D0ABB6009BB2A3 /* Profile.storyboard */; };
		2CD4A2A120D0B175009BB2A3 /* MainViewController.swift in Sources */ = {isa = PBXBuildFile; fileRef = 2CD4A2A020D0B175009BB2A3 /* MainViewController.swift */; };
		2CD4A2AF20D0B23A009BB2A3 /* HomeViewController.swift in Sources */ = {isa = PBXBuildFile; fileRef = 2CD4A2AE20D0B23A009BB2A3 /* HomeViewController.swift */; };
		2CD4A2B420D0BF74009BB2A3 /* UIBarButtonItem-Extension.swift in Sources */ = {isa = PBXBuildFile; fileRef = 2CD4A2B320D0BF74009BB2A3 /* UIBarButtonItem-Extension.swift */; };
		2CD4A2B620D0C910009BB2A3 /* PageTitleView.swift in Sources */ = {isa = PBXBuildFile; fileRef = 2CD4A2B520D0C910009BB2A3 /* PageTitleView.swift */; };
		2CD4A2B820D0CC1B009BB2A3 /* Common.swift in Sources */ = {isa = PBXBuildFile; fileRef = 2CD4A2B720D0CC1B009BB2A3 /* Common.swift */; };
		2CD4A2BA20D0F923009BB2A3 /* UIColor-Extension.swift in Sources */ = {isa = PBXBuildFile; fileRef = 2CD4A2B920D0F923009BB2A3 /* UIColor-Extension.swift */; };
/* End PBXBuildFile section */

/* Begin PBXContainerItemProxy section */
		2C7712EE20CF6FBF00197B9D /* PBXContainerItemProxy */ = {
			isa = PBXContainerItemProxy;
			containerPortal = 2C7712D120CF6FBD00197B9D /* Project object */;
			proxyType = 1;
			remoteGlobalIDString = 2C7712D820CF6FBD00197B9D;
			remoteInfo = Swift_DYZB;
		};
		2C7712F920CF6FBF00197B9D /* PBXContainerItemProxy */ = {
			isa = PBXContainerItemProxy;
			containerPortal = 2C7712D120CF6FBD00197B9D /* Project object */;
			proxyType = 1;
			remoteGlobalIDString = 2C7712D820CF6FBD00197B9D;
			remoteInfo = Swift_DYZB;
		};
/* End PBXContainerItemProxy section */

/* Begin PBXFileReference section */
		2C7712D920CF6FBD00197B9D /* Swift_DYZB.app */ = {isa = PBXFileReference; explicitFileType = wrapper.application; includeInIndex = 0; path = Swift_DYZB.app; sourceTree = BUILT_PRODUCTS_DIR; };
		2C7712DC20CF6FBD00197B9D /* AppDelegate.swift */ = {isa = PBXFileReference; lastKnownFileType = sourcecode.swift; path = AppDelegate.swift; sourceTree = "<group>"; };
		2C7712E120CF6FBD00197B9D /* Base */ = {isa = PBXFileReference; lastKnownFileType = file.storyboard; name = Base; path = Main.storyboard; sourceTree = "<group>"; };
		2C7712E320CF6FBF00197B9D /* Assets.xcassets */ = {isa = PBXFileReference; lastKnownFileType = folder.assetcatalog; path = Assets.xcassets; sourceTree = "<group>"; };
		2C7712E620CF6FBF00197B9D /* Base */ = {isa = PBXFileReference; lastKnownFileType = file.storyboard; name = Base; path = Base.lproj/LaunchScreen.storyboard; sourceTree = "<group>"; };
		2C7712E820CF6FBF00197B9D /* Info.plist */ = {isa = PBXFileReference; lastKnownFileType = text.plist.xml; path = Info.plist; sourceTree = "<group>"; };
		2C7712ED20CF6FBF00197B9D /* Swift_DYZBTests.xctest */ = {isa = PBXFileReference; explicitFileType = wrapper.cfbundle; includeInIndex = 0; path = Swift_DYZBTests.xctest; sourceTree = BUILT_PRODUCTS_DIR; };
		2C7712F120CF6FBF00197B9D /* Swift_DYZBTests.swift */ = {isa = PBXFileReference; lastKnownFileType = sourcecode.swift; path = Swift_DYZBTests.swift; sourceTree = "<group>"; };
		2C7712F320CF6FBF00197B9D /* Info.plist */ = {isa = PBXFileReference; lastKnownFileType = text.plist.xml; path = Info.plist; sourceTree = "<group>"; };
		2C7712F820CF6FBF00197B9D /* Swift_DYZBUITests.xctest */ = {isa = PBXFileReference; explicitFileType = wrapper.cfbundle; includeInIndex = 0; path = Swift_DYZBUITests.xctest; sourceTree = BUILT_PRODUCTS_DIR; };
		2C7712FC20CF6FBF00197B9D /* Swift_DYZBUITests.swift */ = {isa = PBXFileReference; lastKnownFileType = sourcecode.swift; path = Swift_DYZBUITests.swift; sourceTree = "<group>"; };
		2C7712FE20CF6FBF00197B9D /* Info.plist */ = {isa = PBXFileReference; lastKnownFileType = text.plist.xml; path = Info.plist; sourceTree = "<group>"; };
		2C77132620CFAB1200197B9D /* Base */ = {isa = PBXFileReference; lastKnownFileType = file.storyboard; name = Base; path = Swift_DYZB/Classes/Home/Controller/Home.storyboard; sourceTree = SOURCE_ROOT; };
		2CB00FAC20D1FC6A00586A9C /* PageContentView.swift */ = {isa = PBXFileReference; lastKnownFileType = sourcecode.swift; path = PageContentView.swift; sourceTree = "<group>"; };
		2CD4A29420D0A764009BB2A3 /* Live.storyboard */ = {isa = PBXFileReference; lastKnownFileType = file.storyboard; path = Live.storyboard; sourceTree = "<group>"; };
		2CD4A29620D0AB5D009BB2A3 /* Follow.storyboard */ = {isa = PBXFileReference; lastKnownFileType = file.storyboard; path = Follow.storyboard; sourceTree = "<group>"; };
		2CD4A29820D0ABB6009BB2A3 /* Profile.storyboard */ = {isa = PBXFileReference; lastKnownFileType = file.storyboard; path = Profile.storyboard; sourceTree = "<group>"; };
		2CD4A2A020D0B175009BB2A3 /* MainViewController.swift */ = {isa = PBXFileReference; fileEncoding = 4; lastKnownFileType = sourcecode.swift; path = MainViewController.swift; sourceTree = "<group>"; };
		2CD4A2AE20D0B23A009BB2A3 /* HomeViewController.swift */ = {isa = PBXFileReference; lastKnownFileType = sourcecode.swift; path = HomeViewController.swift; sourceTree = "<group>"; };
		2CD4A2B320D0BF74009BB2A3 /* UIBarButtonItem-Extension.swift */ = {isa = PBXFileReference; lastKnownFileType = sourcecode.swift; path = "UIBarButtonItem-Extension.swift"; sourceTree = "<group>"; };
		2CD4A2B520D0C910009BB2A3 /* PageTitleView.swift */ = {isa = PBXFileReference; lastKnownFileType = sourcecode.swift; path = PageTitleView.swift; sourceTree = "<group>"; };
		2CD4A2B720D0CC1B009BB2A3 /* Common.swift */ = {isa = PBXFileReference; lastKnownFileType = sourcecode.swift; path = Common.swift; sourceTree = "<group>"; };
		2CD4A2B920D0F923009BB2A3 /* UIColor-Extension.swift */ = {isa = PBXFileReference; lastKnownFileType = sourcecode.swift; path = "UIColor-Extension.swift"; sourceTree = "<group>"; };
/* End PBXFileReference section */

/* Begin PBXFrameworksBuildPhase section */
		2C7712D620CF6FBD00197B9D /* Frameworks */ = {
			isa = PBXFrameworksBuildPhase;
			buildActionMask = 2147483647;
			files = (
			);
			runOnlyForDeploymentPostprocessing = 0;
		};
		2C7712EA20CF6FBF00197B9D /* Frameworks */ = {
			isa = PBXFrameworksBuildPhase;
			buildActionMask = 2147483647;
			files = (
			);
			runOnlyForDeploymentPostprocessing = 0;
		};
		2C7712F520CF6FBF00197B9D /* Frameworks */ = {
			isa = PBXFrameworksBuildPhase;
			buildActionMask = 2147483647;
			files = (
			);
			runOnlyForDeploymentPostprocessing = 0;
		};
/* End PBXFrameworksBuildPhase section */

/* Begin PBXGroup section */
		2C7712D020CF6FBD00197B9D = {
			isa = PBXGroup;
			children = (
				2C7712DB20CF6FBD00197B9D /* Swift_DYZB */,
				2C7712F020CF6FBF00197B9D /* Swift_DYZBTests */,
				2C7712FB20CF6FBF00197B9D /* Swift_DYZBUITests */,
				2C7712DA20CF6FBD00197B9D /* Products */,
			);
			sourceTree = "<group>";
		};
		2C7712DA20CF6FBD00197B9D /* Products */ = {
			isa = PBXGroup;
			children = (
				2C7712D920CF6FBD00197B9D /* Swift_DYZB.app */,
				2C7712ED20CF6FBF00197B9D /* Swift_DYZBTests.xctest */,
				2C7712F820CF6FBF00197B9D /* Swift_DYZBUITests.xctest */,
			);
			name = Products;
			sourceTree = "<group>";
		};
		2C7712DB20CF6FBD00197B9D /* Swift_DYZB */ = {
			isa = PBXGroup;
			children = (
				2C77130A20CF765900197B9D /* Classes */,
				2C7712DC20CF6FBD00197B9D /* AppDelegate.swift */,
				2C7712E320CF6FBF00197B9D /* Assets.xcassets */,
				2C7712E520CF6FBF00197B9D /* LaunchScreen.storyboard */,
				2C7712E820CF6FBF00197B9D /* Info.plist */,
			);
			path = Swift_DYZB;
			sourceTree = "<group>";
		};
		2C7712F020CF6FBF00197B9D /* Swift_DYZBTests */ = {
			isa = PBXGroup;
			children = (
				2C7712F120CF6FBF00197B9D /* Swift_DYZBTests.swift */,
				2C7712F320CF6FBF00197B9D /* Info.plist */,
			);
			path = Swift_DYZBTests;
			sourceTree = "<group>";
		};
		2C7712FB20CF6FBF00197B9D /* Swift_DYZBUITests */ = {
			isa = PBXGroup;
			children = (
				2C7712FC20CF6FBF00197B9D /* Swift_DYZBUITests.swift */,
				2C7712FE20CF6FBF00197B9D /* Info.plist */,
			);
			path = Swift_DYZBUITests;
			sourceTree = "<group>";
		};
		2C77130A20CF765900197B9D /* Classes */ = {
			isa = PBXGroup;
			children = (
				2C77131020CF765900197B9D /* Main */,
				2C77130B20CF765900197B9D /* Home */,
				2C77130F20CF765900197B9D /* Live */,
				2C77130D20CF765900197B9D /* Follow */,
				2C77130E20CF765900197B9D /* Profile */,
				2C77130C20CF765900197B9D /* Tools */,
			);
			path = Classes;
			sourceTree = "<group>";
		};
		2C77130B20CF765900197B9D /* Home */ = {
			isa = PBXGroup;
			children = (
				2CD4A2A220D0B192009BB2A3 /* Model */,
				2CD4A2A420D0B192009BB2A3 /* View */,
				2CD4A2A320D0B192009BB2A3 /* Controller */,
			);
			path = Home;
			sourceTree = "<group>";
		};
		2C77130C20CF765900197B9D /* Tools */ = {
			isa = PBXGroup;
			children = (
				2CD4A2B020D0BF31009BB2A3 /* Extension */,
			);
			path = Tools;
			sourceTree = "<group>";
		};
		2C77130D20CF765900197B9D /* Follow */ = {
			isa = PBXGroup;
			children = (
				2CD4A2AA20D0B1B2009BB2A3 /* Model */,
				2CD4A2A920D0B1B2009BB2A3 /* View */,
				2CD4A2A820D0B1B2009BB2A3 /* Controller */,
			);
			path = Follow;
			sourceTree = "<group>";
		};
		2C77130E20CF765900197B9D /* Profile */ = {
			isa = PBXGroup;
			children = (
				2CD4A2AD20D0B1C4009BB2A3 /* Model */,
				2CD4A2AB20D0B1C4009BB2A3 /* View */,
				2CD4A2AC20D0B1C4009BB2A3 /* Controller */,
			);
			path = Profile;
			sourceTree = "<group>";
		};
		2C77130F20CF765900197B9D /* Live */ = {
			isa = PBXGroup;
			children = (
				2CD4A2A520D0B1A6009BB2A3 /* Model */,
				2CD4A2A620D0B1A6009BB2A3 /* View */,
				2CD4A2A720D0B1A6009BB2A3 /* Controller */,
			);
			path = Live;
			sourceTree = "<group>";
		};
		2C77131020CF765900197B9D /* Main */ = {
			isa = PBXGroup;
			children = (
				2CD4A29D20D0B175009BB2A3 /* Model */,
				2CD4A29E20D0B175009BB2A3 /* View */,
				2CD4A29F20D0B175009BB2A3 /* Controller */,
			);
			path = Main;
			sourceTree = "<group>";
		};
		2CD4A29D20D0B175009BB2A3 /* Model */ = {
			isa = PBXGroup;
			children = (
			);
			path = Model;
			sourceTree = "<group>";
		};
		2CD4A29E20D0B175009BB2A3 /* View */ = {
			isa = PBXGroup;
			children = (
				2CD4A2B520D0C910009BB2A3 /* PageTitleView.swift */,
				2CB00FAC20D1FC6A00586A9C /* PageContentView.swift */,
			);
			path = View;
			sourceTree = "<group>";
		};
		2CD4A29F20D0B175009BB2A3 /* Controller */ = {
			isa = PBXGroup;
			children = (
				2C7712E020CF6FBD00197B9D /* Main.storyboard */,
				2CD4A2A020D0B175009BB2A3 /* MainViewController.swift */,
			);
			path = Controller;
			sourceTree = "<group>";
		};
		2CD4A2A220D0B192009BB2A3 /* Model */ = {
			isa = PBXGroup;
			children = (
			);
			path = Model;
			sourceTree = "<group>";
		};
		2CD4A2A320D0B192009BB2A3 /* Controller */ = {
			isa = PBXGroup;
			children = (
				2C77132520CFAB1200197B9D /* Home.storyboard */,
				2CD4A2AE20D0B23A009BB2A3 /* HomeViewController.swift */,
			);
			path = Controller;
			sourceTree = "<group>";
		};
		2CD4A2A420D0B192009BB2A3 /* View */ = {
			isa = PBXGroup;
			children = (
			);
			path = View;
			sourceTree = "<group>";
		};
		2CD4A2A520D0B1A6009BB2A3 /* Model */ = {
			isa = PBXGroup;
			children = (
			);
			path = Model;
			sourceTree = "<group>";
		};
		2CD4A2A620D0B1A6009BB2A3 /* View */ = {
			isa = PBXGroup;
			children = (
			);
			path = View;
			sourceTree = "<group>";
		};
		2CD4A2A720D0B1A6009BB2A3 /* Controller */ = {
			isa = PBXGroup;
			children = (
				2CD4A29420D0A764009BB2A3 /* Live.storyboard */,
			);
			path = Controller;
			sourceTree = "<group>";
		};
		2CD4A2A820D0B1B2009BB2A3 /* Controller */ = {
			isa = PBXGroup;
			children = (
				2CD4A29620D0AB5D009BB2A3 /* Follow.storyboard */,
			);
			name = Controller;
			path = Swift_DYZB/Classes/Follow/Controller;
			sourceTree = SOURCE_ROOT;
		};
		2CD4A2A920D0B1B2009BB2A3 /* View */ = {
			isa = PBXGroup;
			children = (
			);
			name = View;
			path = Swift_DYZB/Classes/Follow/View;
			sourceTree = SOURCE_ROOT;
		};
		2CD4A2AA20D0B1B2009BB2A3 /* Model */ = {
			isa = PBXGroup;
			children = (
			);
			name = Model;
			path = Swift_DYZB/Classes/Follow/Model;
			sourceTree = SOURCE_ROOT;
		};
		2CD4A2AB20D0B1C4009BB2A3 /* View */ = {
			isa = PBXGroup;
			children = (
			);
			path = View;
			sourceTree = "<group>";
		};
		2CD4A2AC20D0B1C4009BB2A3 /* Controller */ = {
			isa = PBXGroup;
			children = (
				2CD4A29820D0ABB6009BB2A3 /* Profile.storyboard */,
			);
			path = Controller;
			sourceTree = "<group>";
		};
		2CD4A2AD20D0B1C4009BB2A3 /* Model */ = {
			isa = PBXGroup;
			children = (
			);
			path = Model;
			sourceTree = "<group>";
		};
		2CD4A2B020D0BF31009BB2A3 /* Extension */ = {
			isa = PBXGroup;
			children = (
				2CD4A2B320D0BF74009BB2A3 /* UIBarButtonItem-Extension.swift */,
				2CD4A2B720D0CC1B009BB2A3 /* Common.swift */,
				2CD4A2B920D0F923009BB2A3 /* UIColor-Extension.swift */,
			);
			path = Extension;
			sourceTree = "<group>";
		};
/* End PBXGroup section */

/* Begin PBXNativeTarget section */
		2C7712D820CF6FBD00197B9D /* Swift_DYZB */ = {
			isa = PBXNativeTarget;
			buildConfigurationList = 2C77130120CF6FBF00197B9D /* Build configuration list for PBXNativeTarget "Swift_DYZB" */;
			buildPhases = (
				2C7712D520CF6FBD00197B9D /* Sources */,
				2C7712D620CF6FBD00197B9D /* Frameworks */,
				2C7712D720CF6FBD00197B9D /* Resources */,
			);
			buildRules = (
			);
			dependencies = (
			);
			name = Swift_DYZB;
			productName = Swift_DYZB;
			productReference = 2C7712D920CF6FBD00197B9D /* Swift_DYZB.app */;
			productType = "com.apple.product-type.application";
		};
		2C7712EC20CF6FBF00197B9D /* Swift_DYZBTests */ = {
			isa = PBXNativeTarget;
			buildConfigurationList = 2C77130420CF6FBF00197B9D /* Build configuration list for PBXNativeTarget "Swift_DYZBTests" */;
			buildPhases = (
				2C7712E920CF6FBF00197B9D /* Sources */,
				2C7712EA20CF6FBF00197B9D /* Frameworks */,
				2C7712EB20CF6FBF00197B9D /* Resources */,
			);
			buildRules = (
			);
			dependencies = (
				2C7712EF20CF6FBF00197B9D /* PBXTargetDependency */,
			);
			name = Swift_DYZBTests;
			productName = Swift_DYZBTests;
			productReference = 2C7712ED20CF6FBF00197B9D /* Swift_DYZBTests.xctest */;
			productType = "com.apple.product-type.bundle.unit-test";
		};
		2C7712F720CF6FBF00197B9D /* Swift_DYZBUITests */ = {
			isa = PBXNativeTarget;
			buildConfigurationList = 2C77130720CF6FBF00197B9D /* Build configuration list for PBXNativeTarget "Swift_DYZBUITests" */;
			buildPhases = (
				2C7712F420CF6FBF00197B9D /* Sources */,
				2C7712F520CF6FBF00197B9D /* Frameworks */,
				2C7712F620CF6FBF00197B9D /* Resources */,
			);
			buildRules = (
			);
			dependencies = (
				2C7712FA20CF6FBF00197B9D /* PBXTargetDependency */,
			);
			name = Swift_DYZBUITests;
			productName = Swift_DYZBUITests;
			productReference = 2C7712F820CF6FBF00197B9D /* Swift_DYZBUITests.xctest */;
			productType = "com.apple.product-type.bundle.ui-testing";
		};
/* End PBXNativeTarget section */

/* Begin PBXProject section */
		2C7712D120CF6FBD00197B9D /* Project object */ = {
			isa = PBXProject;
			attributes = {
				LastSwiftUpdateCheck = 0940;
				LastUpgradeCheck = 0940;
				ORGANIZATIONNAME = ivan;
				TargetAttributes = {
					2C7712D820CF6FBD00197B9D = {
						CreatedOnToolsVersion = 9.4;
					};
					2C7712EC20CF6FBF00197B9D = {
						CreatedOnToolsVersion = 9.4;
						TestTargetID = 2C7712D820CF6FBD00197B9D;
					};
					2C7712F720CF6FBF00197B9D = {
						CreatedOnToolsVersion = 9.4;
						TestTargetID = 2C7712D820CF6FBD00197B9D;
					};
				};
			};
			buildConfigurationList = 2C7712D420CF6FBD00197B9D /* Build configuration list for PBXProject "Swift_DYZB" */;
			compatibilityVersion = "Xcode 9.3";
			developmentRegion = en;
			hasScannedForEncodings = 0;
			knownRegions = (
				en,
				Base,
			);
			mainGroup = 2C7712D020CF6FBD00197B9D;
			productRefGroup = 2C7712DA20CF6FBD00197B9D /* Products */;
			projectDirPath = "";
			projectRoot = "";
			targets = (
				2C7712D820CF6FBD00197B9D /* Swift_DYZB */,
				2C7712EC20CF6FBF00197B9D /* Swift_DYZBTests */,
				2C7712F720CF6FBF00197B9D /* Swift_DYZBUITests */,
			);
		};
/* End PBXProject section */

/* Begin PBXResourcesBuildPhase section */
		2C7712D720CF6FBD00197B9D /* Resources */ = {
			isa = PBXResourcesBuildPhase;
			buildActionMask = 2147483647;
			files = (
				2C7712E720CF6FBF00197B9D /* LaunchScreen.storyboard in Resources */,
				2C7712E420CF6FBF00197B9D /* Assets.xcassets in Resources */,
				2C7712E220CF6FBD00197B9D /* Main.storyboard in Resources */,
				2C77132720CFAB1200197B9D /* Home.storyboard in Resources */,
				2CD4A29520D0A764009BB2A3 /* Live.storyboard in Resources */,
				2CD4A29920D0ABB6009BB2A3 /* Profile.storyboard in Resources */,
				2CD4A29720D0AB5D009BB2A3 /* Follow.storyboard in Resources */,
			);
			runOnlyForDeploymentPostprocessing = 0;
		};
		2C7712EB20CF6FBF00197B9D /* Resources */ = {
			isa = PBXResourcesBuildPhase;
			buildActionMask = 2147483647;
			files = (
			);
			runOnlyForDeploymentPostprocessing = 0;
		};
		2C7712F620CF6FBF00197B9D /* Resources */ = {
			isa = PBXResourcesBuildPhase;
			buildActionMask = 2147483647;
			files = (
			);
			runOnlyForDeploymentPostprocessing = 0;
		};
/* End PBXResourcesBuildPhase section */

/* Begin PBXSourcesBuildPhase section */
		2C7712D520CF6FBD00197B9D /* Sources */ = {
			isa = PBXSourcesBuildPhase;
			buildActionMask = 2147483647;
			files = (
				2C7712DD20CF6FBD00197B9D /* AppDelegate.swift in Sources */,
				2CD4A2A120D0B175009BB2A3 /* MainViewController.swift in Sources */,
				2CD4A2B620D0C910009BB2A3 /* PageTitleView.swift in Sources */,
				2CB00FAD20D1FC6A00586A9C /* PageContentView.swift in Sources */,
				2CD4A2B420D0BF74009BB2A3 /* UIBarButtonItem-Extension.swift in Sources */,
				2CD4A2B820D0CC1B009BB2A3 /* Common.swift in Sources */,
				2CD4A2BA20D0F923009BB2A3 /* UIColor-Extension.swift in Sources */,
				2CD4A2AF20D0B23A009BB2A3 /* HomeViewController.swift in Sources */,
			);
			runOnlyForDeploymentPostprocessing = 0;
		};
		2C7712E920CF6FBF00197B9D /* Sources */ = {
			isa = PBXSourcesBuildPhase;
			buildActionMask = 2147483647;
			files = (
				2C7712F220CF6FBF00197B9D /* Swift_DYZBTests.swift in Sources */,
			);
			runOnlyForDeploymentPostprocessing = 0;
		};
		2C7712F420CF6FBF00197B9D /* Sources */ = {
			isa = PBXSourcesBuildPhase;
			buildActionMask = 2147483647;
			files = (
				2C7712FD20CF6FBF00197B9D /* Swift_DYZBUITests.swift in Sources */,
			);
			runOnlyForDeploymentPostprocessing = 0;
		};
/* End PBXSourcesBuildPhase section */

/* Begin PBXTargetDependency section */
		2C7712EF20CF6FBF00197B9D /* PBXTargetDependency */ = {
			isa = PBXTargetDependency;
			target = 2C7712D820CF6FBD00197B9D /* Swift_DYZB */;
			targetProxy = 2C7712EE20CF6FBF00197B9D /* PBXContainerItemProxy */;
		};
		2C7712FA20CF6FBF00197B9D /* PBXTargetDependency */ = {
			isa = PBXTargetDependency;
			target = 2C7712D820CF6FBD00197B9D /* Swift_DYZB */;
			targetProxy = 2C7712F920CF6FBF00197B9D /* PBXContainerItemProxy */;
		};
/* End PBXTargetDependency section */

/* Begin PBXVariantGroup section */
		2C7712E020CF6FBD00197B9D /* Main.storyboard */ = {
			isa = PBXVariantGroup;
			children = (
				2C7712E120CF6FBD00197B9D /* Base */,
			);
			name = Main.storyboard;
			sourceTree = "<group>";
		};
		2C7712E520CF6FBF00197B9D /* LaunchScreen.storyboard */ = {
			isa = PBXVariantGroup;
			children = (
				2C7712E620CF6FBF00197B9D /* Base */,
			);
			name = LaunchScreen.storyboard;
			sourceTree = "<group>";
		};
		2C77132520CFAB1200197B9D /* Home.storyboard */ = {
			isa = PBXVariantGroup;
			children = (
				2C77132620CFAB1200197B9D /* Base */,
			);
			name = Home.storyboard;
			sourceTree = "<group>";
		};
/* End PBXVariantGroup section */

/* Begin XCBuildConfiguration section */
		2C7712FF20CF6FBF00197B9D /* Debug */ = {
			isa = XCBuildConfiguration;
			buildSettings = {
				ALWAYS_SEARCH_USER_PATHS = NO;
				CLANG_ANALYZER_NONNULL = YES;
				CLANG_ANALYZER_NUMBER_OBJECT_CONVERSION = YES_AGGRESSIVE;
				CLANG_CXX_LANGUAGE_STANDARD = "gnu++14";
				CLANG_CXX_LIBRARY = "libc++";
				CLANG_ENABLE_MODULES = YES;
				CLANG_ENABLE_OBJC_ARC = YES;
				CLANG_ENABLE_OBJC_WEAK = YES;
				CLANG_WARN_BLOCK_CAPTURE_AUTORELEASING = YES;
				CLANG_WARN_BOOL_CONVERSION = YES;
				CLANG_WARN_COMMA = YES;
				CLANG_WARN_CONSTANT_CONVERSION = YES;
				CLANG_WARN_DEPRECATED_OBJC_IMPLEMENTATIONS = YES;
				CLANG_WARN_DIRECT_OBJC_ISA_USAGE = YES_ERROR;
				CLANG_WARN_DOCUMENTATION_COMMENTS = YES;
				CLANG_WARN_EMPTY_BODY = YES;
				CLANG_WARN_ENUM_CONVERSION = YES;
				CLANG_WARN_INFINITE_RECURSION = YES;
				CLANG_WARN_INT_CONVERSION = YES;
				CLANG_WARN_NON_LITERAL_NULL_CONVERSION = YES;
				CLANG_WARN_OBJC_IMPLICIT_RETAIN_SELF = YES;
				CLANG_WARN_OBJC_LITERAL_CONVERSION = YES;
				CLANG_WARN_OBJC_ROOT_CLASS = YES_ERROR;
				CLANG_WARN_RANGE_LOOP_ANALYSIS = YES;
				CLANG_WARN_STRICT_PROTOTYPES = YES;
				CLANG_WARN_SUSPICIOUS_MOVE = YES;
				CLANG_WARN_UNGUARDED_AVAILABILITY = YES_AGGRESSIVE;
				CLANG_WARN_UNREACHABLE_CODE = YES;
				CLANG_WARN__DUPLICATE_METHOD_MATCH = YES;
				CODE_SIGN_IDENTITY = "iPhone Developer";
				COPY_PHASE_STRIP = NO;
				DEBUG_INFORMATION_FORMAT = dwarf;
				ENABLE_STRICT_OBJC_MSGSEND = YES;
				ENABLE_TESTABILITY = YES;
				GCC_C_LANGUAGE_STANDARD = gnu11;
				GCC_DYNAMIC_NO_PIC = NO;
				GCC_NO_COMMON_BLOCKS = YES;
				GCC_OPTIMIZATION_LEVEL = 0;
				GCC_PREPROCESSOR_DEFINITIONS = (
					"DEBUG=1",
					"$(inherited)",
				);
				GCC_WARN_64_TO_32_BIT_CONVERSION = YES;
				GCC_WARN_ABOUT_RETURN_TYPE = YES_ERROR;
				GCC_WARN_UNDECLARED_SELECTOR = YES;
				GCC_WARN_UNINITIALIZED_AUTOS = YES_AGGRESSIVE;
				GCC_WARN_UNUSED_FUNCTION = YES;
				GCC_WARN_UNUSED_VARIABLE = YES;
				IPHONEOS_DEPLOYMENT_TARGET = 11.4;
				MTL_ENABLE_DEBUG_INFO = YES;
				ONLY_ACTIVE_ARCH = YES;
				SDKROOT = iphoneos;
				SWIFT_ACTIVE_COMPILATION_CONDITIONS = DEBUG;
				SWIFT_OPTIMIZATION_LEVEL = "-Onone";
			};
			name = Debug;
		};
		2C77130020CF6FBF00197B9D /* Release */ = {
			isa = XCBuildConfiguration;
			buildSettings = {
				ALWAYS_SEARCH_USER_PATHS = NO;
				CLANG_ANALYZER_NONNULL = YES;
				CLANG_ANALYZER_NUMBER_OBJECT_CONVERSION = YES_AGGRESSIVE;
				CLANG_CXX_LANGUAGE_STANDARD = "gnu++14";
				CLANG_CXX_LIBRARY = "libc++";
				CLANG_ENABLE_MODULES = YES;
				CLANG_ENABLE_OBJC_ARC = YES;
				CLANG_ENABLE_OBJC_WEAK = YES;
				CLANG_WARN_BLOCK_CAPTURE_AUTORELEASING = YES;
				CLANG_WARN_BOOL_CONVERSION = YES;
				CLANG_WARN_COMMA = YES;
				CLANG_WARN_CONSTANT_CONVERSION = YES;
				CLANG_WARN_DEPRECATED_OBJC_IMPLEMENTATIONS = YES;
				CLANG_WARN_DIRECT_OBJC_ISA_USAGE = YES_ERROR;
				CLANG_WARN_DOCUMENTATION_COMMENTS = YES;
				CLANG_WARN_EMPTY_BODY = YES;
				CLANG_WARN_ENUM_CONVERSION = YES;
				CLANG_WARN_INFINITE_RECURSION = YES;
				CLANG_WARN_INT_CONVERSION = YES;
				CLANG_WARN_NON_LITERAL_NULL_CONVERSION = YES;
				CLANG_WARN_OBJC_IMPLICIT_RETAIN_SELF = YES;
				CLANG_WARN_OBJC_LITERAL_CONVERSION = YES;
				CLANG_WARN_OBJC_ROOT_CLASS = YES_ERROR;
				CLANG_WARN_RANGE_LOOP_ANALYSIS = YES;
				CLANG_WARN_STRICT_PROTOTYPES = YES;
				CLANG_WARN_SUSPICIOUS_MOVE = YES;
				CLANG_WARN_UNGUARDED_AVAILABILITY = YES_AGGRESSIVE;
				CLANG_WARN_UNREACHABLE_CODE = YES;
				CLANG_WARN__DUPLICATE_METHOD_MATCH = YES;
				CODE_SIGN_IDENTITY = "iPhone Developer";
				COPY_PHASE_STRIP = NO;
				DEBUG_INFORMATION_FORMAT = "dwarf-with-dsym";
				ENABLE_NS_ASSERTIONS = NO;
				ENABLE_STRICT_OBJC_MSGSEND = YES;
				GCC_C_LANGUAGE_STANDARD = gnu11;
				GCC_NO_COMMON_BLOCKS = YES;
				GCC_WARN_64_TO_32_BIT_CONVERSION = YES;
				GCC_WARN_ABOUT_RETURN_TYPE = YES_ERROR;
				GCC_WARN_UNDECLARED_SELECTOR = YES;
				GCC_WARN_UNINITIALIZED_AUTOS = YES_AGGRESSIVE;
				GCC_WARN_UNUSED_FUNCTION = YES;
				GCC_WARN_UNUSED_VARIABLE = YES;
				IPHONEOS_DEPLOYMENT_TARGET = 11.4;
				MTL_ENABLE_DEBUG_INFO = NO;
				SDKROOT = iphoneos;
				SWIFT_COMPILATION_MODE = wholemodule;
				SWIFT_OPTIMIZATION_LEVEL = "-O";
				VALIDATE_PRODUCT = YES;
			};
			name = Release;
		};
		2C77130220CF6FBF00197B9D /* Debug */ = {
			isa = XCBuildConfiguration;
			buildSettings = {
				ASSETCATALOG_COMPILER_APPICON_NAME = AppIcon;
				ASSETCATALOG_COMPILER_LAUNCHIMAGE_NAME = LaunchImage;
				CODE_SIGN_STYLE = Automatic;
				DEVELOPMENT_TEAM = EJT5AK7X7N;
				INFOPLIST_FILE = Swift_DYZB/Info.plist;
				IPHONEOS_DEPLOYMENT_TARGET = 9.0;
				LD_RUNPATH_SEARCH_PATHS = (
					"$(inherited)",
					"@executable_path/Frameworks",
				);
				PRODUCT_BUNDLE_IDENTIFIER = "com.ivan.Swift-DYZB";
				PRODUCT_NAME = "$(TARGET_NAME)";
				SWIFT_VERSION = 4.0;
				TARGETED_DEVICE_FAMILY = "1,2";
			};
			name = Debug;
		};
		2C77130320CF6FBF00197B9D /* Release */ = {
			isa = XCBuildConfiguration;
			buildSettings = {
				ASSETCATALOG_COMPILER_APPICON_NAME = AppIcon;
				ASSETCATALOG_COMPILER_LAUNCHIMAGE_NAME = LaunchImage;
				CODE_SIGN_STYLE = Automatic;
				DEVELOPMENT_TEAM = EJT5AK7X7N;
				INFOPLIST_FILE = Swift_DYZB/Info.plist;
				IPHONEOS_DEPLOYMENT_TARGET = 9.0;
				LD_RUNPATH_SEARCH_PATHS = (
					"$(inherited)",
					"@executable_path/Frameworks",
				);
				PRODUCT_BUNDLE_IDENTIFIER = "com.ivan.Swift-DYZB";
				PRODUCT_NAME = "$(TARGET_NAME)";
				SWIFT_VERSION = 4.0;
				TARGETED_DEVICE_FAMILY = "1,2";
			};
			name = Release;
		};
		2C77130520CF6FBF00197B9D /* Debug */ = {
			isa = XCBuildConfiguration;
			buildSettings = {
				ALWAYS_EMBED_SWIFT_STANDARD_LIBRARIES = YES;
				BUNDLE_LOADER = "$(TEST_HOST)";
				CODE_SIGN_STYLE = Automatic;
				DEVELOPMENT_TEAM = EJT5AK7X7N;
				INFOPLIST_FILE = Swift_DYZBTests/Info.plist;
				LD_RUNPATH_SEARCH_PATHS = (
					"$(inherited)",
					"@executable_path/Frameworks",
					"@loader_path/Frameworks",
				);
				PRODUCT_BUNDLE_IDENTIFIER = "com.ivan.Swift-DYZBTests";
				PRODUCT_NAME = "$(TARGET_NAME)";
				SWIFT_VERSION = 4.0;
				TARGETED_DEVICE_FAMILY = "1,2";
				TEST_HOST = "$(BUILT_PRODUCTS_DIR)/Swift_DYZB.app/Swift_DYZB";
			};
			name = Debug;
		};
		2C77130620CF6FBF00197B9D /* Release */ = {
			isa = XCBuildConfiguration;
			buildSettings = {
				ALWAYS_EMBED_SWIFT_STANDARD_LIBRARIES = YES;
				BUNDLE_LOADER = "$(TEST_HOST)";
				CODE_SIGN_STYLE = Automatic;
				DEVELOPMENT_TEAM = EJT5AK7X7N;
				INFOPLIST_FILE = Swift_DYZBTests/Info.plist;
				LD_RUNPATH_SEARCH_PATHS = (
					"$(inherited)",
					"@executable_path/Frameworks",
					"@loader_path/Frameworks",
				);
				PRODUCT_BUNDLE_IDENTIFIER = "com.ivan.Swift-DYZBTests";
				PRODUCT_NAME = "$(TARGET_NAME)";
				SWIFT_VERSION = 4.0;
				TARGETED_DEVICE_FAMILY = "1,2";
				TEST_HOST = "$(BUILT_PRODUCTS_DIR)/Swift_DYZB.app/Swift_DYZB";
			};
			name = Release;
		};
		2C77130820CF6FBF00197B9D /* Debug */ = {
			isa = XCBuildConfiguration;
			buildSettings = {
				ALWAYS_EMBED_SWIFT_STANDARD_LIBRARIES = YES;
				CODE_SIGN_STYLE = Automatic;
				DEVELOPMENT_TEAM = EJT5AK7X7N;
				INFOPLIST_FILE = Swift_DYZBUITests/Info.plist;
				LD_RUNPATH_SEARCH_PATHS = (
					"$(inherited)",
					"@executable_path/Frameworks",
					"@loader_path/Frameworks",
				);
				PRODUCT_BUNDLE_IDENTIFIER = "com.ivan.Swift-DYZBUITests";
				PRODUCT_NAME = "$(TARGET_NAME)";
				SWIFT_VERSION = 4.0;
				TARGETED_DEVICE_FAMILY = "1,2";
				TEST_TARGET_NAME = Swift_DYZB;
			};
			name = Debug;
		};
		2C77130920CF6FBF00197B9D /* Release */ = {
			isa = XCBuildConfiguration;
			buildSettings = {
				ALWAYS_EMBED_SWIFT_STANDARD_LIBRARIES = YES;
				CODE_SIGN_STYLE = Automatic;
				DEVELOPMENT_TEAM = EJT5AK7X7N;
				INFOPLIST_FILE = Swift_DYZBUITests/Info.plist;
				LD_RUNPATH_SEARCH_PATHS = (
					"$(inherited)",
					"@executable_path/Frameworks",
					"@loader_path/Frameworks",
				);
				PRODUCT_BUNDLE_IDENTIFIER = "com.ivan.Swift-DYZBUITests";
				PRODUCT_NAME = "$(TARGET_NAME)";
				SWIFT_VERSION = 4.0;
				TARGETED_DEVICE_FAMILY = "1,2";
				TEST_TARGET_NAME = Swift_DYZB;
			};
			name = Release;
		};
/* End XCBuildConfiguration section */

/* Begin XCConfigurationList section */
		2C7712D420CF6FBD00197B9D /* Build configuration list for PBXProject "Swift_DYZB" */ = {
			isa = XCConfigurationList;
			buildConfigurations = (
				2C7712FF20CF6FBF00197B9D /* Debug */,
				2C77130020CF6FBF00197B9D /* Release */,
			);
			defaultConfigurationIsVisible = 0;
			defaultConfigurationName = Release;
		};
		2C77130120CF6FBF00197B9D /* Build configuration list for PBXNativeTarget "Swift_DYZB" */ = {
			isa = XCConfigurationList;
			buildConfigurations = (
				2C77130220CF6FBF00197B9D /* Debug */,
				2C77130320CF6FBF00197B9D /* Release */,
			);
			defaultConfigurationIsVisible = 0;
			defaultConfigurationName = Release;
		};
		2C77130420CF6FBF00197B9D /* Build configuration list for PBXNativeTarget "Swift_DYZBTests" */ = {
			isa = XCConfigurationList;
			buildConfigurations = (
				2C77130520CF6FBF00197B9D /* Debug */,
				2C77130620CF6FBF00197B9D /* Release */,
			);
			defaultConfigurationIsVisible = 0;
			defaultConfigurationName = Release;
		};
		2C77130720CF6FBF00197B9D /* Build configuration list for PBXNativeTarget "Swift_DYZBUITests" */ = {
			isa = XCConfigurationList;
			buildConfigurations = (
				2C77130820CF6FBF00197B9D /* Debug */,
				2C77130920CF6FBF00197B9D /* Release */,
			);
			defaultConfigurationIsVisible = 0;
			defaultConfigurationName = Release;
		};
/* End XCConfigurationList section */
	};
	rootObject = 2C7712D120CF6FBD00197B9D /* Project object */;
}
